
Microsoft Visual Studio Solution File, Format Version 12.00
# Visual Studio 14
VisualStudioVersion = 14.0.25420.1
MinimumVisualStudioVersion = 10.0.40219.1
Project("{FAE04EC0-301F-11D3-BF4B-00C04F79EFBC}") = "GameOfHouses.MechanicsExperiments.DotNet", "GameOfHouses.MechanicsExperiments.DotNet\GameOfHouses.MechanicsExperiments.DotNet.csproj", "{C0D39CE7-FC7C-4AAC-8A5B-B804D09B4B52}"
EndProject
Project("{FAE04EC0-301F-11D3-BF4B-00C04F79EFBC}") = "GameOfHouses.Logic", "..\GameOfHouses.Logic\GameOfHouses.Logic.csproj", "{EC039D88-A4B2-4ABF-9D68-E45C2D833EE6}"
EndProject
Global
	GlobalSection(SolutionConfigurationPlatforms) = preSolution
		Debug|Any CPU = Debug|Any CPU
		Release|Any CPU = Release|Any CPU
	EndGlobalSection
	GlobalSection(ProjectConfigurationPlatforms) = postSolution
		{C0D39CE7-FC7C-4AAC-8A5B-B804D09B4B52}.Debug|Any CPU.ActiveCfg = Debug|Any CPU
		{C0D39CE7-FC7C-4AAC-8A5B-B804D09B4B52}.Debug|Any CPU.Build.0 = Debug|Any CPU
		{C0D39CE7-FC7C-4AAC-8A5B-B804D09B4B52}.Release|Any CPU.ActiveCfg = Release|Any CPU
		{C0D39CE7-FC7C-4AAC-8A5B-B804D09B4B52}.Release|Any CPU.Build.0 = Release|Any CPU
		{EC039D88-A4B2-4ABF-9D68-E45C2D833EE6}.Debug|Any CPU.ActiveCfg = Debug|Any CPU
		{EC039D88-A4B2-4ABF-9D68-E45C2D833EE6}.Debug|Any CPU.Build.0 = Debug|Any CPU
		{EC039D88-A4B2-4ABF-9D68-E45C2D833EE6}.Release|Any CPU.ActiveCfg = Release|Any CPU
		{EC039D88-A4B2-4ABF-9D68-E45C2D833EE6}.Release|Any CPU.Build.0 = Release|Any CPU
	EndGlobalSection
	GlobalSection(SolutionProperties) = preSolution
		HideSolutionNode = FALSE
	EndGlobalSection
EndGlobal
